
Microsoft Visual Studio Solution File, Format Version 12.00
# Visual Studio 15
VisualStudioVersion = 15.0.27703.2026
MinimumVisualStudioVersion = 10.0.40219.1
Project("{FAE04EC0-301F-11D3-BF4B-00C04F79EFBC}") = "FactoryMethod", "FactoryMethod\FactoryMethod.csproj", "{73683304-B9CC-4178-955F-9ACB05E758CD}"
EndProject
Global
	GlobalSection(SolutionConfigurationPlatforms) = preSolution
		Debug|Any CPU = Debug|Any CPU
		Release|Any CPU = Release|Any CPU
	EndGlobalSection
	GlobalSection(ProjectConfigurationPlatforms) = postSolution
		{73683304-B9CC-4178-955F-9ACB05E758CD}.Debug|Any CPU.ActiveCfg = Debug|Any CPU
		{73683304-B9CC-4178-955F-9ACB05E758CD}.Debug|Any CPU.Build.0 = Debug|Any CPU
		{73683304-B9CC-4178-955F-9ACB05E758CD}.Release|Any CPU.ActiveCfg = Release|Any CPU
		{73683304-B9CC-4178-955F-9ACB05E758CD}.Release|Any CPU.Build.0 = Release|Any CPU
	EndGlobalSection
	GlobalSection(SolutionProperties) = preSolution
		HideSolutionNode = FALSE
	EndGlobalSection
	GlobalSection(ExtensibilityGlobals) = postSolution
		SolutionGuid = {4B73016C-0AC1-4CCB-BC2E-CF05D0F6067E}
	EndGlobalSection
EndGlobal
